
Microsoft Visual Studio Solution File, Format Version 12.00
# Visual Studio 15
VisualStudioVersion = 15.0.26730.10
MinimumVisualStudioVersion = 10.0.40219.1
Project("{FAE04EC0-301F-11D3-BF4B-00C04F79EFBC}") = "algStorage.DAL", "algStorage.DAL\algStorage.DAL.csproj", "{AD3C24B7-E633-4CC9-BB45-2F27D2413874}"
EndProject
Project("{FAE04EC0-301F-11D3-BF4B-00C04F79EFBC}") = "algStorage.BLL", "algStorage.BLL\algStorage.BLL.csproj", "{4086F62A-D079-4EED-AEAD-72838839681E}"
EndProject
Project("{FAE04EC0-301F-11D3-BF4B-00C04F79EFBC}") = "algStorage.BLL.Tests", "algStorage.BLL.Tests\algStorage.BLL.Tests.csproj", "{91FA71D5-C9DF-46CE-AC25-30DD4C3885A9}"
EndProject
Project("{FAE04EC0-301F-11D3-BF4B-00C04F79EFBC}") = "algStorage.PL", "algStorage.PL\algStorage.PL.csproj", "{D886B2F3-241A-42B4-9280-172ADEAFE80C}"
EndProject
Project("{FAE04EC0-301F-11D3-BF4B-00C04F79EFBC}") = "algStorage.DAL_ADO", "algStorage.DAL.ADO\algStorage.DAL_ADO.csproj", "{8662ADA1-817B-4FC4-97D0-CE107F50EAD9}"
EndProject
Global
	GlobalSection(SolutionConfigurationPlatforms) = preSolution
		Debug|Any CPU = Debug|Any CPU
		Release|Any CPU = Release|Any CPU
	EndGlobalSection
	GlobalSection(ProjectConfigurationPlatforms) = postSolution
		{AD3C24B7-E633-4CC9-BB45-2F27D2413874}.Debug|Any CPU.ActiveCfg = Debug|Any CPU
		{AD3C24B7-E633-4CC9-BB45-2F27D2413874}.Debug|Any CPU.Build.0 = Debug|Any CPU
		{AD3C24B7-E633-4CC9-BB45-2F27D2413874}.Release|Any CPU.ActiveCfg = Release|Any CPU
		{AD3C24B7-E633-4CC9-BB45-2F27D2413874}.Release|Any CPU.Build.0 = Release|Any CPU
		{4086F62A-D079-4EED-AEAD-72838839681E}.Debug|Any CPU.ActiveCfg = Debug|Any CPU
		{4086F62A-D079-4EED-AEAD-72838839681E}.Debug|Any CPU.Build.0 = Debug|Any CPU
		{4086F62A-D079-4EED-AEAD-72838839681E}.Release|Any CPU.ActiveCfg = Release|Any CPU
		{4086F62A-D079-4EED-AEAD-72838839681E}.Release|Any CPU.Build.0 = Release|Any CPU
		{91FA71D5-C9DF-46CE-AC25-30DD4C3885A9}.Debug|Any CPU.ActiveCfg = Debug|Any CPU
		{91FA71D5-C9DF-46CE-AC25-30DD4C3885A9}.Debug|Any CPU.Build.0 = Debug|Any CPU
		{91FA71D5-C9DF-46CE-AC25-30DD4C3885A9}.Release|Any CPU.ActiveCfg = Release|Any CPU
		{91FA71D5-C9DF-46CE-AC25-30DD4C3885A9}.Release|Any CPU.Build.0 = Release|Any CPU
		{D886B2F3-241A-42B4-9280-172ADEAFE80C}.Debug|Any CPU.ActiveCfg = Debug|Any CPU
		{D886B2F3-241A-42B4-9280-172ADEAFE80C}.Debug|Any CPU.Build.0 = Debug|Any CPU
		{D886B2F3-241A-42B4-9280-172ADEAFE80C}.Release|Any CPU.ActiveCfg = Release|Any CPU
		{D886B2F3-241A-42B4-9280-172ADEAFE80C}.Release|Any CPU.Build.0 = Release|Any CPU
		{8662ADA1-817B-4FC4-97D0-CE107F50EAD9}.Debug|Any CPU.ActiveCfg = Debug|Any CPU
		{8662ADA1-817B-4FC4-97D0-CE107F50EAD9}.Debug|Any CPU.Build.0 = Debug|Any CPU
		{8662ADA1-817B-4FC4-97D0-CE107F50EAD9}.Release|Any CPU.ActiveCfg = Release|Any CPU
		{8662ADA1-817B-4FC4-97D0-CE107F50EAD9}.Release|Any CPU.Build.0 = Release|Any CPU
	EndGlobalSection
	GlobalSection(SolutionProperties) = preSolution
		HideSolutionNode = FALSE
	EndGlobalSection
	GlobalSection(ExtensibilityGlobals) = postSolution
		SolutionGuid = {1D6B0BFE-B0EC-45CB-BC63-D02315875577}
	EndGlobalSection
EndGlobal
